
Microsoft Visual Studio Solution File, Format Version 12.00
# Visual Studio Version 17
VisualStudioVersion = 17.8.34309.116
MinimumVisualStudioVersion = 10.0.40219.1
Project("{FAE04EC0-301F-11D3-BF4B-00C04F79EFBC}") = "SMS", "SMS\SMS.csproj", "{DD78A3F0-7BF0-4F27-AF9E-4C63EDA74335}"
EndProject
Project("{FAE04EC0-301F-11D3-BF4B-00C04F79EFBC}") = "Entities", "Entities\Entities.csproj", "{BC1EAECD-E89C-402F-9BEA-61B54E2EA659}"
EndProject
Global
	GlobalSection(SolutionConfigurationPlatforms) = preSolution
		Debug|Any CPU = Debug|Any CPU
		Release|Any CPU = Release|Any CPU
	EndGlobalSection
	GlobalSection(ProjectConfigurationPlatforms) = postSolution
		{DD78A3F0-7BF0-4F27-AF9E-4C63EDA74335}.Debug|Any CPU.ActiveCfg = Debug|Any CPU
		{DD78A3F0-7BF0-4F27-AF9E-4C63EDA74335}.Debug|Any CPU.Build.0 = Debug|Any CPU
		{DD78A3F0-7BF0-4F27-AF9E-4C63EDA74335}.Release|Any CPU.ActiveCfg = Release|Any CPU
		{DD78A3F0-7BF0-4F27-AF9E-4C63EDA74335}.Release|Any CPU.Build.0 = Release|Any CPU
		{BC1EAECD-E89C-402F-9BEA-61B54E2EA659}.Debug|Any CPU.ActiveCfg = Debug|Any CPU
		{BC1EAECD-E89C-402F-9BEA-61B54E2EA659}.Debug|Any CPU.Build.0 = Debug|Any CPU
		{BC1EAECD-E89C-402F-9BEA-61B54E2EA659}.Release|Any CPU.ActiveCfg = Release|Any CPU
		{BC1EAECD-E89C-402F-9BEA-61B54E2EA659}.Release|Any CPU.Build.0 = Release|Any CPU
	EndGlobalSection
	GlobalSection(SolutionProperties) = preSolution
		HideSolutionNode = FALSE
	EndGlobalSection
	GlobalSection(ExtensibilityGlobals) = postSolution
		SolutionGuid = {9C6368EE-0EED-491D-AF27-15B1CC28A08A}
	EndGlobalSection
EndGlobal
