
Microsoft Visual Studio Solution File, Format Version 12.00
# Visual Studio Version 17
VisualStudioVersion = 17.8.34309.116
MinimumVisualStudioVersion = 10.0.40219.1
Project("{9A19103F-16F7-4668-BE54-9A1E7A4F7556}") = "Repositories", "Repositories\Repositories.csproj", "{D860E455-0F7E-4213-92F4-DF1DE2819CE4}"
EndProject
Project("{9A19103F-16F7-4668-BE54-9A1E7A4F7556}") = "RepositoryContracts", "RepositoryContracts\RepositoryContracts.csproj", "{E7B9AAC4-1A51-4F6B-AB32-7711E1C37B0F}"
EndProject
Project("{9A19103F-16F7-4668-BE54-9A1E7A4F7556}") = "SMS.Api", "SMS.Api\SMS.Api.csproj", "{728B9259-5500-4B5C-BA57-CD74D42197E5}"
EndProject
Project("{FAE04EC0-301F-11D3-BF4B-00C04F79EFBC}") = "SMS.Entities", "SMS.Entities\SMS.Entities.csproj", "{04F36189-61A7-4E8A-99DD-37CF21999CB4}"
EndProject
Global
	GlobalSection(SolutionConfigurationPlatforms) = preSolution
		Debug|Any CPU = Debug|Any CPU
		Release|Any CPU = Release|Any CPU
	EndGlobalSection
	GlobalSection(ProjectConfigurationPlatforms) = postSolution
		{D860E455-0F7E-4213-92F4-DF1DE2819CE4}.Debug|Any CPU.ActiveCfg = Debug|Any CPU
		{D860E455-0F7E-4213-92F4-DF1DE2819CE4}.Debug|Any CPU.Build.0 = Debug|Any CPU
		{D860E455-0F7E-4213-92F4-DF1DE2819CE4}.Release|Any CPU.ActiveCfg = Release|Any CPU
		{D860E455-0F7E-4213-92F4-DF1DE2819CE4}.Release|Any CPU.Build.0 = Release|Any CPU
		{E7B9AAC4-1A51-4F6B-AB32-7711E1C37B0F}.Debug|Any CPU.ActiveCfg = Debug|Any CPU
		{E7B9AAC4-1A51-4F6B-AB32-7711E1C37B0F}.Debug|Any CPU.Build.0 = Debug|Any CPU
		{E7B9AAC4-1A51-4F6B-AB32-7711E1C37B0F}.Release|Any CPU.ActiveCfg = Release|Any CPU
		{E7B9AAC4-1A51-4F6B-AB32-7711E1C37B0F}.Release|Any CPU.Build.0 = Release|Any CPU
		{728B9259-5500-4B5C-BA57-CD74D42197E5}.Debug|Any CPU.ActiveCfg = Debug|Any CPU
		{728B9259-5500-4B5C-BA57-CD74D42197E5}.Debug|Any CPU.Build.0 = Debug|Any CPU
		{728B9259-5500-4B5C-BA57-CD74D42197E5}.Release|Any CPU.ActiveCfg = Release|Any CPU
		{728B9259-5500-4B5C-BA57-CD74D42197E5}.Release|Any CPU.Build.0 = Release|Any CPU
		{04F36189-61A7-4E8A-99DD-37CF21999CB4}.Debug|Any CPU.ActiveCfg = Debug|Any CPU
		{04F36189-61A7-4E8A-99DD-37CF21999CB4}.Debug|Any CPU.Build.0 = Debug|Any CPU
		{04F36189-61A7-4E8A-99DD-37CF21999CB4}.Release|Any CPU.ActiveCfg = Release|Any CPU
		{04F36189-61A7-4E8A-99DD-37CF21999CB4}.Release|Any CPU.Build.0 = Release|Any CPU
	EndGlobalSection
	GlobalSection(SolutionProperties) = preSolution
		HideSolutionNode = FALSE
	EndGlobalSection
	GlobalSection(ExtensibilityGlobals) = postSolution
		SolutionGuid = {9C6368EE-0EED-491D-AF27-15B1CC28A08A}
	EndGlobalSection
EndGlobal
